
Microsoft Visual Studio Solution File, Format Version 12.00
# Visual Studio Version 17
VisualStudioVersion = 17.5.002.0
MinimumVisualStudioVersion = 10.0.40219.1
Project("{2150E333-8FDC-42A3-9474-1A3956D46DE8}") = "01-getting-started", "01-getting-started", "{E0B56825-7F82-4EB1-9B73-63687E2283EA}"
EndProject
Project("{2150E333-8FDC-42A3-9474-1A3956D46DE8}") = "C-Sharp", "C-Sharp", "{06A439A0-C5EC-4A3A-936A-0A031CC43D8B}"
EndProject
Project("{9A19103F-16F7-4668-BE54-9A1E7A4F7556}") = "rest_client", "01-getting-started\C-Sharp\rest-client\rest_client.csproj", "{F9A185E5-0B06-4998-8B00-42AE70EEB5CC}"
EndProject
Project("{9A19103F-16F7-4668-BE54-9A1E7A4F7556}") = "sdk-client", "01-getting-started\C-Sharp\sdk-client\sdk-client.csproj", "{D491A270-A954-407D-ABAB-94155351A342}"
EndProject
Project("{2150E333-8FDC-42A3-9474-1A3956D46DE8}") = "02-cognitive-security", "02-cognitive-security", "{E90A3C54-D214-4B52-A89C-5248F8A570E6}"
EndProject
Project("{2150E333-8FDC-42A3-9474-1A3956D46DE8}") = "C-Sharp", "C-Sharp", "{63FE3772-8CD6-4B39-8F84-AD8CE45B5E07}"
EndProject
Project("{9A19103F-16F7-4668-BE54-9A1E7A4F7556}") = "keyvault_client", "02-cognitive-security\C-Sharp\keyvault_client\keyvault_client.csproj", "{E7DFC85F-46FF-4B23-968C-BC2D74CF5F41}"
EndProject
Project("{2150E333-8FDC-42A3-9474-1A3956D46DE8}") = "05-analyze-text", "05-analyze-text", "{3ADFE3B4-84FD-429E-98F5-A2EB95FF36EC}"
EndProject
Project("{2150E333-8FDC-42A3-9474-1A3956D46DE8}") = "C-Sharp", "C-Sharp", "{09671C35-2413-42D1-BD8C-F243381F1E75}"
EndProject
Project("{9A19103F-16F7-4668-BE54-9A1E7A4F7556}") = "text-analysis", "05-analyze-text\C-Sharp\text-analysis\text-analysis.csproj", "{AEA453A0-E965-4272-BA8A-8DE31FA7A467}"
EndProject
Project("{2150E333-8FDC-42A3-9474-1A3956D46DE8}") = "06-translate-text", "06-translate-text", "{11A5AA33-A8E0-4064-9604-E38C2A29FAA0}"
EndProject
Project("{2150E333-8FDC-42A3-9474-1A3956D46DE8}") = "C-Sharp", "C-Sharp", "{F7D4D390-96FF-46F0-BA5C-C29FE456AC94}"
EndProject
Project("{9A19103F-16F7-4668-BE54-9A1E7A4F7556}") = "translate_text", "06-translate-text\C-Sharp\text-translation\translate_text.csproj", "{63BBE052-4909-4DED-8FF9-BCC592BE7980}"
EndProject
Project("{2150E333-8FDC-42A3-9474-1A3956D46DE8}") = "07-speech", "07-speech", "{670E6654-78EF-4B6E-A86F-EB533AEFDE37}"
EndProject
Project("{2150E333-8FDC-42A3-9474-1A3956D46DE8}") = "C-Sharp", "C-Sharp", "{EEB083C3-0BF1-4C81-9CDC-175C56589269}"
EndProject
Project("{9A19103F-16F7-4668-BE54-9A1E7A4F7556}") = "speaking-clock", "07-speech\C-Sharp\speaking-clock\speaking-clock.csproj", "{F5C85CDD-3978-46CA-831F-49BC891DB0C0}"
EndProject
Project("{2150E333-8FDC-42A3-9474-1A3956D46DE8}") = "08-speech-translation", "08-speech-translation", "{525CB0A9-7684-4C13-9BE1-5B25A93C66EE}"
EndProject
Project("{2150E333-8FDC-42A3-9474-1A3956D46DE8}") = "C-Sharp", "C-Sharp", "{8C5251FF-A9DF-4D90-A1AE-CD2FAC6E7D9F}"
EndProject
Project("{9A19103F-16F7-4668-BE54-9A1E7A4F7556}") = "translator", "08-speech-translation\C-Sharp\translator\translator.csproj", "{7BDC889D-FEF7-406E-BD79-9842DC550C1F}"
EndProject
Project("{2150E333-8FDC-42A3-9474-1A3956D46DE8}") = "10b-clu-client-(preview)", "10b-clu-client-(preview)", "{3B9EC21E-CBBE-4232-A92F-200674EF4C7A}"
EndProject
Project("{2150E333-8FDC-42A3-9474-1A3956D46DE8}") = "C-Sharp", "C-Sharp", "{9EF6A74F-E91E-44DA-9AAD-D4B93FA1922B}"
EndProject
Project("{9A19103F-16F7-4668-BE54-9A1E7A4F7556}") = "clock_client", "10b-clu-client-(preview)\C-Sharp\clock-client\clock_client.csproj", "{8D7AF4AD-9381-42A2-B8CE-0B774A2E1BF1}"
EndProject
Project("{2150E333-8FDC-42A3-9474-1A3956D46DE8}") = "11-luis-speech", "11-luis-speech", "{C152AF0F-DC2B-4167-A271-76987B09064C}"
EndProject
Project("{2150E333-8FDC-42A3-9474-1A3956D46DE8}") = "C-Sharp", "C-Sharp", "{D7C0B5AE-CA47-45C1-85BC-D25B5712A82F}"
EndProject
Project("{9A19103F-16F7-4668-BE54-9A1E7A4F7556}") = "speaking_clock_client", "11-luis-speech\C-Sharp\speaking-clock-client\speaking_clock_client.csproj", "{694783A1-D840-40B0-BE85-17B312B722C6}"
EndProject
Project("{2150E333-8FDC-42A3-9474-1A3956D46DE8}") = "15-computer-vision", "15-computer-vision", "{468CD495-9DFE-40A9-BEB1-FF2D1D16BB8B}"
EndProject
Project("{2150E333-8FDC-42A3-9474-1A3956D46DE8}") = "C-Sharp", "C-Sharp", "{A2D949FE-CB75-4BD4-8863-37002A847375}"
EndProject
Project("{9A19103F-16F7-4668-BE54-9A1E7A4F7556}") = "image-analysis", "15-computer-vision\C-Sharp\image-analysis\image-analysis.csproj", "{FC565F07-00D2-4016-A2D4-332697B78A52}"
EndProject
Project("{2150E333-8FDC-42A3-9474-1A3956D46DE8}") = "17-image-classification", "17-image-classification", "{3E4500CA-F4E4-4844-9C06-CA8090CF75FA}"
EndProject
Project("{2150E333-8FDC-42A3-9474-1A3956D46DE8}") = "C-Sharp", "C-Sharp", "{E14990EF-81BF-43BE-8A32-D20D827F4A9D}"
EndProject
Project("{9A19103F-16F7-4668-BE54-9A1E7A4F7556}") = "test-classifier", "17-image-classification\C-Sharp\test-classifier\test-classifier.csproj", "{77E0689E-547C-4215-828C-CAD32A790963}"
EndProject
Project("{9A19103F-16F7-4668-BE54-9A1E7A4F7556}") = "train-classifier", "17-image-classification\C-Sharp\train-classifier\train-classifier.csproj", "{6854E0BE-260D-433A-A920-7982E3DDC7BA}"
EndProject
Project("{2150E333-8FDC-42A3-9474-1A3956D46DE8}") = "18-object-detection", "18-object-detection", "{22EB46AD-B885-496E-8889-A160698129D4}"
EndProject
Project("{2150E333-8FDC-42A3-9474-1A3956D46DE8}") = "C-Sharp", "C-Sharp", "{60EC650B-79CE-4CBE-AFCE-D08B400A31A6}"
EndProject
Project("{9A19103F-16F7-4668-BE54-9A1E7A4F7556}") = "test-detector", "18-object-detection\C-Sharp\test-detector\test-detector.csproj", "{AB86A1A3-FD5A-4894-952D-939D95024D53}"
EndProject
Project("{9A19103F-16F7-4668-BE54-9A1E7A4F7556}") = "train-detector", "18-object-detection\C-Sharp\train-detector\train-detector.csproj", "{1BDCAB63-34BF-4C19-9ADB-1FD0157282EF}"
EndProject
Project("{2150E333-8FDC-42A3-9474-1A3956D46DE8}") = "19-face", "19-face", "{E4D67732-F472-407D-A564-92425239FD05}"
EndProject
Project("{2150E333-8FDC-42A3-9474-1A3956D46DE8}") = "C-Sharp", "C-Sharp", "{C04B33A4-1D19-4509-8594-BAE0B3C26E4F}"
EndProject
Project("{9A19103F-16F7-4668-BE54-9A1E7A4F7556}") = "detect-faces", "19-face\C-Sharp\computer-vision\detect-faces.csproj", "{72952B24-4D8B-4E3E-AFF2-762877132C34}"
EndProject
Project("{9A19103F-16F7-4668-BE54-9A1E7A4F7556}") = "analyze-faces", "19-face\C-Sharp\face-api\analyze-faces.csproj", "{2F325033-815C-464F-A5F8-D0E7BB7AF691}"
EndProject
Project("{2150E333-8FDC-42A3-9474-1A3956D46DE8}") = "20-ocr", "20-ocr", "{744A8268-DBF4-43ED-8AA1-E0A242C1A014}"
EndProject
Project("{2150E333-8FDC-42A3-9474-1A3956D46DE8}") = "C-Sharp", "C-Sharp", "{5900845F-F2A7-4A77-8263-1931083DB3B8}"
EndProject
Project("{9A19103F-16F7-4668-BE54-9A1E7A4F7556}") = "read-text", "20-ocr\C-Sharp\read-text\read-text.csproj", "{C031D00A-8428-4C27-B1EB-47A7F99414E9}"
EndProject
Project("{2150E333-8FDC-42A3-9474-1A3956D46DE8}") = "21-custom-form", "21-custom-form", "{9535213A-804C-4DE8-BA1B-9C8CA1C8ADCC}"
EndProject
Project("{2150E333-8FDC-42A3-9474-1A3956D46DE8}") = "C-Sharp", "C-Sharp", "{6CE9AE19-24A9-48F5-A865-3C401CEE69D1}"
EndProject
Project("{9A19103F-16F7-4668-BE54-9A1E7A4F7556}") = "test-model", "21-custom-form\C-Sharp\test-model\test-model.csproj", "{F3980A5D-1D12-497E-B7F5-7A350A739565}"
EndProject
Project("{9A19103F-16F7-4668-BE54-9A1E7A4F7556}") = "train-model", "21-custom-form\C-Sharp\train-model\train-model.csproj", "{1B620CB0-5D20-4C5C-B471-B989CE9AF33D}"
EndProject
Project("{2150E333-8FDC-42A3-9474-1A3956D46DE8}") = "22-Create-a-search-solution", "22-Create-a-search-solution", "{D0069FFD-29DC-4B3B-A9E9-F7B1EF732949}"
EndProject
Project("{2150E333-8FDC-42A3-9474-1A3956D46DE8}") = "C-Sharp", "C-Sharp", "{8372D5B1-6536-462C-856D-B7AE7274E369}"
EndProject
Project("{9A19103F-16F7-4668-BE54-9A1E7A4F7556}") = "search-client", "22-Create-a-search-solution\C-Sharp\margies-travel\search-client.csproj", "{00B3494B-D19B-411C-827E-7FFC816097A4}"
EndProject
Global
	GlobalSection(SolutionConfigurationPlatforms) = preSolution
		Debug|Any CPU = Debug|Any CPU
		Release|Any CPU = Release|Any CPU
	EndGlobalSection
	GlobalSection(ProjectConfigurationPlatforms) = postSolution
		{F9A185E5-0B06-4998-8B00-42AE70EEB5CC}.Debug|Any CPU.ActiveCfg = Debug|Any CPU
		{F9A185E5-0B06-4998-8B00-42AE70EEB5CC}.Debug|Any CPU.Build.0 = Debug|Any CPU
		{F9A185E5-0B06-4998-8B00-42AE70EEB5CC}.Release|Any CPU.ActiveCfg = Release|Any CPU
		{F9A185E5-0B06-4998-8B00-42AE70EEB5CC}.Release|Any CPU.Build.0 = Release|Any CPU
		{D491A270-A954-407D-ABAB-94155351A342}.Debug|Any CPU.ActiveCfg = Debug|Any CPU
		{D491A270-A954-407D-ABAB-94155351A342}.Debug|Any CPU.Build.0 = Debug|Any CPU
		{D491A270-A954-407D-ABAB-94155351A342}.Release|Any CPU.ActiveCfg = Release|Any CPU
		{D491A270-A954-407D-ABAB-94155351A342}.Release|Any CPU.Build.0 = Release|Any CPU
		{E7DFC85F-46FF-4B23-968C-BC2D74CF5F41}.Debug|Any CPU.ActiveCfg = Debug|Any CPU
		{E7DFC85F-46FF-4B23-968C-BC2D74CF5F41}.Debug|Any CPU.Build.0 = Debug|Any CPU
		{E7DFC85F-46FF-4B23-968C-BC2D74CF5F41}.Release|Any CPU.ActiveCfg = Release|Any CPU
		{E7DFC85F-46FF-4B23-968C-BC2D74CF5F41}.Release|Any CPU.Build.0 = Release|Any CPU
		{AEA453A0-E965-4272-BA8A-8DE31FA7A467}.Debug|Any CPU.ActiveCfg = Debug|Any CPU
		{AEA453A0-E965-4272-BA8A-8DE31FA7A467}.Debug|Any CPU.Build.0 = Debug|Any CPU
		{AEA453A0-E965-4272-BA8A-8DE31FA7A467}.Release|Any CPU.ActiveCfg = Release|Any CPU
		{AEA453A0-E965-4272-BA8A-8DE31FA7A467}.Release|Any CPU.Build.0 = Release|Any CPU
		{63BBE052-4909-4DED-8FF9-BCC592BE7980}.Debug|Any CPU.ActiveCfg = Debug|Any CPU
		{63BBE052-4909-4DED-8FF9-BCC592BE7980}.Debug|Any CPU.Build.0 = Debug|Any CPU
		{63BBE052-4909-4DED-8FF9-BCC592BE7980}.Release|Any CPU.ActiveCfg = Release|Any CPU
		{63BBE052-4909-4DED-8FF9-BCC592BE7980}.Release|Any CPU.Build.0 = Release|Any CPU
		{F5C85CDD-3978-46CA-831F-49BC891DB0C0}.Debug|Any CPU.ActiveCfg = Debug|Any CPU
		{F5C85CDD-3978-46CA-831F-49BC891DB0C0}.Debug|Any CPU.Build.0 = Debug|Any CPU
		{F5C85CDD-3978-46CA-831F-49BC891DB0C0}.Release|Any CPU.ActiveCfg = Release|Any CPU
		{F5C85CDD-3978-46CA-831F-49BC891DB0C0}.Release|Any CPU.Build.0 = Release|Any CPU
		{7BDC889D-FEF7-406E-BD79-9842DC550C1F}.Debug|Any CPU.ActiveCfg = Debug|Any CPU
		{7BDC889D-FEF7-406E-BD79-9842DC550C1F}.Debug|Any CPU.Build.0 = Debug|Any CPU
		{7BDC889D-FEF7-406E-BD79-9842DC550C1F}.Release|Any CPU.ActiveCfg = Release|Any CPU
		{7BDC889D-FEF7-406E-BD79-9842DC550C1F}.Release|Any CPU.Build.0 = Release|Any CPU
		{8D7AF4AD-9381-42A2-B8CE-0B774A2E1BF1}.Debug|Any CPU.ActiveCfg = Debug|Any CPU
		{8D7AF4AD-9381-42A2-B8CE-0B774A2E1BF1}.Debug|Any CPU.Build.0 = Debug|Any CPU
		{8D7AF4AD-9381-42A2-B8CE-0B774A2E1BF1}.Release|Any CPU.ActiveCfg = Release|Any CPU
		{8D7AF4AD-9381-42A2-B8CE-0B774A2E1BF1}.Release|Any CPU.Build.0 = Release|Any CPU
		{694783A1-D840-40B0-BE85-17B312B722C6}.Debug|Any CPU.ActiveCfg = Debug|Any CPU
		{694783A1-D840-40B0-BE85-17B312B722C6}.Debug|Any CPU.Build.0 = Debug|Any CPU
		{694783A1-D840-40B0-BE85-17B312B722C6}.Release|Any CPU.ActiveCfg = Release|Any CPU
		{694783A1-D840-40B0-BE85-17B312B722C6}.Release|Any CPU.Build.0 = Release|Any CPU
		{FC565F07-00D2-4016-A2D4-332697B78A52}.Debug|Any CPU.ActiveCfg = Debug|Any CPU
		{FC565F07-00D2-4016-A2D4-332697B78A52}.Debug|Any CPU.Build.0 = Debug|Any CPU
		{FC565F07-00D2-4016-A2D4-332697B78A52}.Release|Any CPU.ActiveCfg = Release|Any CPU
		{FC565F07-00D2-4016-A2D4-332697B78A52}.Release|Any CPU.Build.0 = Release|Any CPU
		{77E0689E-547C-4215-828C-CAD32A790963}.Debug|Any CPU.ActiveCfg = Debug|Any CPU
		{77E0689E-547C-4215-828C-CAD32A790963}.Debug|Any CPU.Build.0 = Debug|Any CPU
		{77E0689E-547C-4215-828C-CAD32A790963}.Release|Any CPU.ActiveCfg = Release|Any CPU
		{77E0689E-547C-4215-828C-CAD32A790963}.Release|Any CPU.Build.0 = Release|Any CPU
		{6854E0BE-260D-433A-A920-7982E3DDC7BA}.Debug|Any CPU.ActiveCfg = Debug|Any CPU
		{6854E0BE-260D-433A-A920-7982E3DDC7BA}.Debug|Any CPU.Build.0 = Debug|Any CPU
		{6854E0BE-260D-433A-A920-7982E3DDC7BA}.Release|Any CPU.ActiveCfg = Release|Any CPU
		{6854E0BE-260D-433A-A920-7982E3DDC7BA}.Release|Any CPU.Build.0 = Release|Any CPU
		{AB86A1A3-FD5A-4894-952D-939D95024D53}.Debug|Any CPU.ActiveCfg = Debug|Any CPU
		{AB86A1A3-FD5A-4894-952D-939D95024D53}.Debug|Any CPU.Build.0 = Debug|Any CPU
		{AB86A1A3-FD5A-4894-952D-939D95024D53}.Release|Any CPU.ActiveCfg = Release|Any CPU
		{AB86A1A3-FD5A-4894-952D-939D95024D53}.Release|Any CPU.Build.0 = Release|Any CPU
		{1BDCAB63-34BF-4C19-9ADB-1FD0157282EF}.Debug|Any CPU.ActiveCfg = Debug|Any CPU
		{1BDCAB63-34BF-4C19-9ADB-1FD0157282EF}.Debug|Any CPU.Build.0 = Debug|Any CPU
		{1BDCAB63-34BF-4C19-9ADB-1FD0157282EF}.Release|Any CPU.ActiveCfg = Release|Any CPU
		{1BDCAB63-34BF-4C19-9ADB-1FD0157282EF}.Release|Any CPU.Build.0 = Release|Any CPU
		{72952B24-4D8B-4E3E-AFF2-762877132C34}.Debug|Any CPU.ActiveCfg = Debug|Any CPU
		{72952B24-4D8B-4E3E-AFF2-762877132C34}.Debug|Any CPU.Build.0 = Debug|Any CPU
		{72952B24-4D8B-4E3E-AFF2-762877132C34}.Release|Any CPU.ActiveCfg = Release|Any CPU
		{72952B24-4D8B-4E3E-AFF2-762877132C34}.Release|Any CPU.Build.0 = Release|Any CPU
		{2F325033-815C-464F-A5F8-D0E7BB7AF691}.Debug|Any CPU.ActiveCfg = Debug|Any CPU
		{2F325033-815C-464F-A5F8-D0E7BB7AF691}.Debug|Any CPU.Build.0 = Debug|Any CPU
		{2F325033-815C-464F-A5F8-D0E7BB7AF691}.Release|Any CPU.ActiveCfg = Release|Any CPU
		{2F325033-815C-464F-A5F8-D0E7BB7AF691}.Release|Any CPU.Build.0 = Release|Any CPU
		{C031D00A-8428-4C27-B1EB-47A7F99414E9}.Debug|Any CPU.ActiveCfg = Debug|Any CPU
		{C031D00A-8428-4C27-B1EB-47A7F99414E9}.Debug|Any CPU.Build.0 = Debug|Any CPU
		{C031D00A-8428-4C27-B1EB-47A7F99414E9}.Release|Any CPU.ActiveCfg = Release|Any CPU
		{C031D00A-8428-4C27-B1EB-47A7F99414E9}.Release|Any CPU.Build.0 = Release|Any CPU
		{F3980A5D-1D12-497E-B7F5-7A350A739565}.Debug|Any CPU.ActiveCfg = Debug|Any CPU
		{F3980A5D-1D12-497E-B7F5-7A350A739565}.Debug|Any CPU.Build.0 = Debug|Any CPU
		{F3980A5D-1D12-497E-B7F5-7A350A739565}.Release|Any CPU.ActiveCfg = Release|Any CPU
		{F3980A5D-1D12-497E-B7F5-7A350A739565}.Release|Any CPU.Build.0 = Release|Any CPU
		{1B620CB0-5D20-4C5C-B471-B989CE9AF33D}.Debug|Any CPU.ActiveCfg = Debug|Any CPU
		{1B620CB0-5D20-4C5C-B471-B989CE9AF33D}.Debug|Any CPU.Build.0 = Debug|Any CPU
		{1B620CB0-5D20-4C5C-B471-B989CE9AF33D}.Release|Any CPU.ActiveCfg = Release|Any CPU
		{1B620CB0-5D20-4C5C-B471-B989CE9AF33D}.Release|Any CPU.Build.0 = Release|Any CPU
		{00B3494B-D19B-411C-827E-7FFC816097A4}.Debug|Any CPU.ActiveCfg = Debug|Any CPU
		{00B3494B-D19B-411C-827E-7FFC816097A4}.Debug|Any CPU.Build.0 = Debug|Any CPU
		{00B3494B-D19B-411C-827E-7FFC816097A4}.Release|Any CPU.ActiveCfg = Release|Any CPU
		{00B3494B-D19B-411C-827E-7FFC816097A4}.Release|Any CPU.Build.0 = Release|Any CPU
	EndGlobalSection
	GlobalSection(SolutionProperties) = preSolution
		HideSolutionNode = FALSE
	EndGlobalSection
	GlobalSection(NestedProjects) = preSolution
		{06A439A0-C5EC-4A3A-936A-0A031CC43D8B} = {E0B56825-7F82-4EB1-9B73-63687E2283EA}
		{F9A185E5-0B06-4998-8B00-42AE70EEB5CC} = {06A439A0-C5EC-4A3A-936A-0A031CC43D8B}
		{D491A270-A954-407D-ABAB-94155351A342} = {06A439A0-C5EC-4A3A-936A-0A031CC43D8B}
		{63FE3772-8CD6-4B39-8F84-AD8CE45B5E07} = {E90A3C54-D214-4B52-A89C-5248F8A570E6}
		{E7DFC85F-46FF-4B23-968C-BC2D74CF5F41} = {63FE3772-8CD6-4B39-8F84-AD8CE45B5E07}
		{09671C35-2413-42D1-BD8C-F243381F1E75} = {3ADFE3B4-84FD-429E-98F5-A2EB95FF36EC}
		{AEA453A0-E965-4272-BA8A-8DE31FA7A467} = {09671C35-2413-42D1-BD8C-F243381F1E75}
		{F7D4D390-96FF-46F0-BA5C-C29FE456AC94} = {11A5AA33-A8E0-4064-9604-E38C2A29FAA0}
		{63BBE052-4909-4DED-8FF9-BCC592BE7980} = {F7D4D390-96FF-46F0-BA5C-C29FE456AC94}
		{EEB083C3-0BF1-4C81-9CDC-175C56589269} = {670E6654-78EF-4B6E-A86F-EB533AEFDE37}
		{F5C85CDD-3978-46CA-831F-49BC891DB0C0} = {EEB083C3-0BF1-4C81-9CDC-175C56589269}
		{8C5251FF-A9DF-4D90-A1AE-CD2FAC6E7D9F} = {525CB0A9-7684-4C13-9BE1-5B25A93C66EE}
		{7BDC889D-FEF7-406E-BD79-9842DC550C1F} = {8C5251FF-A9DF-4D90-A1AE-CD2FAC6E7D9F}
		{9EF6A74F-E91E-44DA-9AAD-D4B93FA1922B} = {3B9EC21E-CBBE-4232-A92F-200674EF4C7A}
		{8D7AF4AD-9381-42A2-B8CE-0B774A2E1BF1} = {9EF6A74F-E91E-44DA-9AAD-D4B93FA1922B}
		{D7C0B5AE-CA47-45C1-85BC-D25B5712A82F} = {C152AF0F-DC2B-4167-A271-76987B09064C}
		{694783A1-D840-40B0-BE85-17B312B722C6} = {D7C0B5AE-CA47-45C1-85BC-D25B5712A82F}
		{A2D949FE-CB75-4BD4-8863-37002A847375} = {468CD495-9DFE-40A9-BEB1-FF2D1D16BB8B}
		{FC565F07-00D2-4016-A2D4-332697B78A52} = {A2D949FE-CB75-4BD4-8863-37002A847375}
		{E14990EF-81BF-43BE-8A32-D20D827F4A9D} = {3E4500CA-F4E4-4844-9C06-CA8090CF75FA}
		{77E0689E-547C-4215-828C-CAD32A790963} = {E14990EF-81BF-43BE-8A32-D20D827F4A9D}
		{6854E0BE-260D-433A-A920-7982E3DDC7BA} = {E14990EF-81BF-43BE-8A32-D20D827F4A9D}
		{60EC650B-79CE-4CBE-AFCE-D08B400A31A6} = {22EB46AD-B885-496E-8889-A160698129D4}
		{AB86A1A3-FD5A-4894-952D-939D95024D53} = {60EC650B-79CE-4CBE-AFCE-D08B400A31A6}
		{1BDCAB63-34BF-4C19-9ADB-1FD0157282EF} = {60EC650B-79CE-4CBE-AFCE-D08B400A31A6}
		{C04B33A4-1D19-4509-8594-BAE0B3C26E4F} = {E4D67732-F472-407D-A564-92425239FD05}
		{72952B24-4D8B-4E3E-AFF2-762877132C34} = {C04B33A4-1D19-4509-8594-BAE0B3C26E4F}
		{2F325033-815C-464F-A5F8-D0E7BB7AF691} = {C04B33A4-1D19-4509-8594-BAE0B3C26E4F}
		{5900845F-F2A7-4A77-8263-1931083DB3B8} = {744A8268-DBF4-43ED-8AA1-E0A242C1A014}
		{C031D00A-8428-4C27-B1EB-47A7F99414E9} = {5900845F-F2A7-4A77-8263-1931083DB3B8}
		{6CE9AE19-24A9-48F5-A865-3C401CEE69D1} = {9535213A-804C-4DE8-BA1B-9C8CA1C8ADCC}
		{F3980A5D-1D12-497E-B7F5-7A350A739565} = {6CE9AE19-24A9-48F5-A865-3C401CEE69D1}
		{1B620CB0-5D20-4C5C-B471-B989CE9AF33D} = {6CE9AE19-24A9-48F5-A865-3C401CEE69D1}
		{8372D5B1-6536-462C-856D-B7AE7274E369} = {D0069FFD-29DC-4B3B-A9E9-F7B1EF732949}
		{00B3494B-D19B-411C-827E-7FFC816097A4} = {8372D5B1-6536-462C-856D-B7AE7274E369}
	EndGlobalSection
	GlobalSection(ExtensibilityGlobals) = postSolution
		SolutionGuid = {BA94D7C3-D554-48BE-97E2-B9CB131CFA73}
	EndGlobalSection
EndGlobal
